
Microsoft Visual Studio Solution File, Format Version 12.00
# Visual Studio Version 16
VisualStudioVersion = 16.0.35026.282
MinimumVisualStudioVersion = 10.0.40219.1
Project("{FAE04EC0-301F-11D3-BF4B-00C04F79EFBC}") = "GeometryLib", "GeometryLib.csproj", "{42CA896A-9051-4B85-8CCB-063B2687CB4F}"
EndProject
Project("{FAE04EC0-301F-11D3-BF4B-00C04F79EFBC}") = "GeometryLibConsole", "..\GeometryLibConsole\GeometryLibConsole.csproj", "{521B1780-9C2A-4CCF-86C4-EE13DE6FBEC8}"
EndProject
Global
	GlobalSection(SolutionConfigurationPlatforms) = preSolution
		Debug|Any CPU = Debug|Any CPU
		Release|Any CPU = Release|Any CPU
	EndGlobalSection
	GlobalSection(ProjectConfigurationPlatforms) = postSolution
		{42CA896A-9051-4B85-8CCB-063B2687CB4F}.Debug|Any CPU.ActiveCfg = Debug|Any CPU
		{42CA896A-9051-4B85-8CCB-063B2687CB4F}.Debug|Any CPU.Build.0 = Debug|Any CPU
		{42CA896A-9051-4B85-8CCB-063B2687CB4F}.Release|Any CPU.ActiveCfg = Release|Any CPU
		{42CA896A-9051-4B85-8CCB-063B2687CB4F}.Release|Any CPU.Build.0 = Release|Any CPU
		{521B1780-9C2A-4CCF-86C4-EE13DE6FBEC8}.Debug|Any CPU.ActiveCfg = Debug|Any CPU
		{521B1780-9C2A-4CCF-86C4-EE13DE6FBEC8}.Debug|Any CPU.Build.0 = Debug|Any CPU
		{521B1780-9C2A-4CCF-86C4-EE13DE6FBEC8}.Release|Any CPU.ActiveCfg = Release|Any CPU
		{521B1780-9C2A-4CCF-86C4-EE13DE6FBEC8}.Release|Any CPU.Build.0 = Release|Any CPU
	EndGlobalSection
	GlobalSection(SolutionProperties) = preSolution
		HideSolutionNode = FALSE
	EndGlobalSection
	GlobalSection(ExtensibilityGlobals) = postSolution
		SolutionGuid = {DDDB7A88-EB23-4A88-9AA7-B87103C48BE1}
	EndGlobalSection
EndGlobal
